
Microsoft Visual Studio Solution File, Format Version 12.00
# Visual Studio 15
Project("{FAE04EC0-301F-11D3-BF4B-00C04F79EFBC}") = "Assembly-CSharp", "Assembly-CSharp.csproj", "{01A06EB8-A9A0-2900-CB65-85757C93A388}"
EndProject
Project("{FAE04EC0-301F-11D3-BF4B-00C04F79EFBC}") = "Assembly-CSharp-Editor", "Assembly-CSharp-Editor.csproj", "{1DFCC047-B807-3608-0E15-E53169FDB3C4}"
EndProject
Project("{FAE04EC0-301F-11D3-BF4B-00C04F79EFBC}") = "ALP8310_ControllerGlobal", "ALP8310_ControllerGlobal.csproj", "{24CAC9C3-8AFF-2DF7-934C-D20E02752181}"
EndProject
Project("{FAE04EC0-301F-11D3-BF4B-00C04F79EFBC}") = "ALP8310_ControllerGlobal.Editor", "ALP8310_ControllerGlobal.Editor.csproj", "{A49409C2-F0B9-556F-0C05-C0DD7D95E3ED}"
EndProject
Global
	GlobalSection(SolutionConfigurationPlatforms) = preSolution
		Debug|Any CPU = Debug|Any CPU
		Release|Any CPU = Release|Any CPU
	EndGlobalSection
	GlobalSection(ProjectConfigurationPlatforms) = postSolution
		{01A06EB8-A9A0-2900-CB65-85757C93A388}.Debug|Any CPU.ActiveCfg = Debug|Any CPU
		{01A06EB8-A9A0-2900-CB65-85757C93A388}.Debug|Any CPU.Build.0 = Debug|Any CPU
		{01A06EB8-A9A0-2900-CB65-85757C93A388}.Release|Any CPU.ActiveCfg = Release|Any CPU
		{01A06EB8-A9A0-2900-CB65-85757C93A388}.Release|Any CPU.Build.0 = Release|Any CPU
		{1DFCC047-B807-3608-0E15-E53169FDB3C4}.Debug|Any CPU.ActiveCfg = Debug|Any CPU
		{1DFCC047-B807-3608-0E15-E53169FDB3C4}.Debug|Any CPU.Build.0 = Debug|Any CPU
		{1DFCC047-B807-3608-0E15-E53169FDB3C4}.Release|Any CPU.ActiveCfg = Release|Any CPU
		{1DFCC047-B807-3608-0E15-E53169FDB3C4}.Release|Any CPU.Build.0 = Release|Any CPU
		{24CAC9C3-8AFF-2DF7-934C-D20E02752181}.Debug|Any CPU.ActiveCfg = Debug|Any CPU
		{24CAC9C3-8AFF-2DF7-934C-D20E02752181}.Debug|Any CPU.Build.0 = Debug|Any CPU
		{24CAC9C3-8AFF-2DF7-934C-D20E02752181}.Release|Any CPU.ActiveCfg = Release|Any CPU
		{24CAC9C3-8AFF-2DF7-934C-D20E02752181}.Release|Any CPU.Build.0 = Release|Any CPU
		{A49409C2-F0B9-556F-0C05-C0DD7D95E3ED}.Debug|Any CPU.ActiveCfg = Debug|Any CPU
		{A49409C2-F0B9-556F-0C05-C0DD7D95E3ED}.Debug|Any CPU.Build.0 = Debug|Any CPU
		{A49409C2-F0B9-556F-0C05-C0DD7D95E3ED}.Release|Any CPU.ActiveCfg = Release|Any CPU
		{A49409C2-F0B9-556F-0C05-C0DD7D95E3ED}.Release|Any CPU.Build.0 = Release|Any CPU
	EndGlobalSection
	GlobalSection(SolutionProperties) = preSolution
		HideSolutionNode = FALSE
	EndGlobalSection
EndGlobal
